// !$*UTF8*$!
{
	archiveVersion = 1;
	classes = {
	};
	objectVersion = 56;
	objects = {

/* Begin PBXBuildFile section */
		324ACBEF2A1E3514002877B2 /* RestaurantRoamerApp.swift in Sources */ = {isa = PBXBuildFile; fileRef = 324ACBEE2A1E3514002877B2 /* RestaurantRoamerApp.swift */; };
		324ACBF32A1E3514002877B2 /* Assets.xcassets in Resources */ = {isa = PBXBuildFile; fileRef = 324ACBF22A1E3514002877B2 /* Assets.xcassets */; };
		324ACBF62A1E3514002877B2 /* Preview Assets.xcassets in Resources */ = {isa = PBXBuildFile; fileRef = 324ACBF52A1E3514002877B2 /* Preview Assets.xcassets */; };
		324ACC102A1E36F3002877B2 /* ContentView.swift in Sources */ = {isa = PBXBuildFile; fileRef = 324ACC0F2A1E36F3002877B2 /* ContentView.swift */; };
		324ACC162A1E3990002877B2 /* RestaurantRoamerViewRepresentable.swift in Sources */ = {isa = PBXBuildFile; fileRef = 324ACC152A1E3990002877B2 /* RestaurantRoamerViewRepresentable.swift */; };
		324ACC182A1E39D5002877B2 /* LocationManager.swift in Sources */ = {isa = PBXBuildFile; fileRef = 324ACC172A1E39D5002877B2 /* LocationManager.swift */; };
		324ACC1D2A1E5461002877B2 /* ReviewView.swift in Sources */ = {isa = PBXBuildFile; fileRef = 324ACC1C2A1E5461002877B2 /* ReviewView.swift */; };
		324ACC232A1E54AC002877B2 /* CustomTabsComponent.swift in Sources */ = {isa = PBXBuildFile; fileRef = 324ACC222A1E54AC002877B2 /* CustomTabsComponent.swift */; };
		324ACC252A1E54D3002877B2 /* ColorExtension.swift in Sources */ = {isa = PBXBuildFile; fileRef = 324ACC242A1E54D3002877B2 /* ColorExtension.swift */; };
		324ACC272A1E54F6002877B2 /* Constants.swift in Sources */ = {isa = PBXBuildFile; fileRef = 324ACC262A1E54F6002877B2 /* Constants.swift */; };
		324ACC292A1E5563002877B2 /* HomeView.swift in Sources */ = {isa = PBXBuildFile; fileRef = 324ACC282A1E5563002877B2 /* HomeView.swift */; };
		324ACC2C2A1E5688002877B2 /* BucketListCardComponent.swift in Sources */ = {isa = PBXBuildFile; fileRef = 324ACC2B2A1E5688002877B2 /* BucketListCardComponent.swift */; };
		324ACC2E2A1E636A002877B2 /* ReviewListCardComponent.swift in Sources */ = {isa = PBXBuildFile; fileRef = 324ACC2D2A1E636A002877B2 /* ReviewListCardComponent.swift */; };
		324ACC3C2A1F1ED8002877B2 /* RestaurantRoamer.xcdatamodeld in Sources */ = {isa = PBXBuildFile; fileRef = 324ACC3A2A1F1ED8002877B2 /* RestaurantRoamer.xcdatamodeld */; };
		324ACC3E2A1F22C7002877B2 /* Persistence.swift in Sources */ = {isa = PBXBuildFile; fileRef = 324ACC3D2A1F22C7002877B2 /* Persistence.swift */; };
		324ACC402A1F25AE002877B2 /* CoreDataViewModels.swift in Sources */ = {isa = PBXBuildFile; fileRef = 324ACC3F2A1F25AE002877B2 /* CoreDataViewModels.swift */; };
		324ACC432A1F54F1002877B2 /* SearchButtonView.swift in Sources */ = {isa = PBXBuildFile; fileRef = 324ACC412A1F54F1002877B2 /* SearchButtonView.swift */; };
		324ACC452A1F6954002877B2 /* RecenterButtonView.swift in Sources */ = {isa = PBXBuildFile; fileRef = 324ACC442A1F6954002877B2 /* RecenterButtonView.swift */; };
/* End PBXBuildFile section */

/* Begin PBXFileReference section */
		324ACBEB2A1E3514002877B2 /* RestaurantRoamer.app */ = {isa = PBXFileReference; explicitFileType = wrapper.application; includeInIndex = 0; path = RestaurantRoamer.app; sourceTree = BUILT_PRODUCTS_DIR; };
		324ACBEE2A1E3514002877B2 /* RestaurantRoamerApp.swift */ = {isa = PBXFileReference; lastKnownFileType = sourcecode.swift; path = RestaurantRoamerApp.swift; sourceTree = "<group>"; };
		324ACBF22A1E3514002877B2 /* Assets.xcassets */ = {isa = PBXFileReference; lastKnownFileType = folder.assetcatalog; path = Assets.xcassets; sourceTree = "<group>"; };
		324ACBF52A1E3514002877B2 /* Preview Assets.xcassets */ = {isa = PBXFileReference; lastKnownFileType = folder.assetcatalog; path = "Preview Assets.xcassets"; sourceTree = "<group>"; };
		324ACC0F2A1E36F3002877B2 /* ContentView.swift */ = {isa = PBXFileReference; lastKnownFileType = sourcecode.swift; path = ContentView.swift; sourceTree = "<group>"; };
		324ACC152A1E3990002877B2 /* RestaurantRoamerViewRepresentable.swift */ = {isa = PBXFileReference; lastKnownFileType = sourcecode.swift; path = RestaurantRoamerViewRepresentable.swift; sourceTree = "<group>"; };
		324ACC172A1E39D5002877B2 /* LocationManager.swift */ = {isa = PBXFileReference; lastKnownFileType = sourcecode.swift; path = LocationManager.swift; sourceTree = "<group>"; };
		324ACC1C2A1E5461002877B2 /* ReviewView.swift */ = {isa = PBXFileReference; lastKnownFileType = sourcecode.swift; path = ReviewView.swift; sourceTree = "<group>"; };
		324ACC222A1E54AC002877B2 /* CustomTabsComponent.swift */ = {isa = PBXFileReference; lastKnownFileType = sourcecode.swift; path = CustomTabsComponent.swift; sourceTree = "<group>"; };
		324ACC242A1E54D3002877B2 /* ColorExtension.swift */ = {isa = PBXFileReference; lastKnownFileType = sourcecode.swift; path = ColorExtension.swift; sourceTree = "<group>"; };
		324ACC262A1E54F6002877B2 /* Constants.swift */ = {isa = PBXFileReference; lastKnownFileType = sourcecode.swift; path = Constants.swift; sourceTree = "<group>"; };
		324ACC282A1E5563002877B2 /* HomeView.swift */ = {isa = PBXFileReference; lastKnownFileType = sourcecode.swift; path = HomeView.swift; sourceTree = "<group>"; };
		324ACC2B2A1E5688002877B2 /* BucketListCardComponent.swift */ = {isa = PBXFileReference; lastKnownFileType = sourcecode.swift; path = BucketListCardComponent.swift; sourceTree = "<group>"; };
		324ACC2D2A1E636A002877B2 /* ReviewListCardComponent.swift */ = {isa = PBXFileReference; lastKnownFileType = sourcecode.swift; path = ReviewListCardComponent.swift; sourceTree = "<group>"; };
		324ACC3B2A1F1ED8002877B2 /* ReviewListModels.xcdatamodel */ = {isa = PBXFileReference; lastKnownFileType = wrapper.xcdatamodel; path = ReviewListModels.xcdatamodel; sourceTree = "<group>"; };
		324ACC3D2A1F22C7002877B2 /* Persistence.swift */ = {isa = PBXFileReference; lastKnownFileType = sourcecode.swift; path = Persistence.swift; sourceTree = "<group>"; };
		324ACC3F2A1F25AE002877B2 /* CoreDataViewModels.swift */ = {isa = PBXFileReference; lastKnownFileType = sourcecode.swift; path = CoreDataViewModels.swift; sourceTree = "<group>"; };
		324ACC412A1F54F1002877B2 /* SearchButtonView.swift */ = {isa = PBXFileReference; fileEncoding = 4; lastKnownFileType = sourcecode.swift; path = SearchButtonView.swift; sourceTree = "<group>"; };
		324ACC442A1F6954002877B2 /* RecenterButtonView.swift */ = {isa = PBXFileReference; lastKnownFileType = sourcecode.swift; path = RecenterButtonView.swift; sourceTree = "<group>"; };
/* End PBXFileReference section */

/* Begin PBXFrameworksBuildPhase section */
		324ACBE82A1E3514002877B2 /* Frameworks */ = {
			isa = PBXFrameworksBuildPhase;
			buildActionMask = 2147483647;
			files = (
			);
			runOnlyForDeploymentPostprocessing = 0;
		};
/* End PBXFrameworksBuildPhase section */

/* Begin PBXGroup section */
		324ACBE22A1E3514002877B2 = {
			isa = PBXGroup;
			children = (
				324ACBED2A1E3514002877B2 /* RestaurantRoamer */,
				324ACBEC2A1E3514002877B2 /* Products */,
			);
			sourceTree = "<group>";
		};
		324ACBEC2A1E3514002877B2 /* Products */ = {
			isa = PBXGroup;
			children = (
				324ACBEB2A1E3514002877B2 /* RestaurantRoamer.app */,
			);
			name = Products;
			sourceTree = "<group>";
		};
		324ACBED2A1E3514002877B2 /* RestaurantRoamer */ = {
			isa = PBXGroup;
			children = (
				324ACC082A1E36AA002877B2 /* App */,
				324ACC092A1E36B0002877B2 /* Core */,
				324ACC0C2A1E36BF002877B2 /* Extensions */,
				324ACC0B2A1E36BB002877B2 /* Managers */,
				324ACC0A2A1E36B9002877B2 /* Models */,
				324ACBF22A1E3514002877B2 /* Assets.xcassets */,
				324ACBF42A1E3514002877B2 /* Preview Content */,
			);
			path = RestaurantRoamer;
			sourceTree = "<group>";
		};
		324ACBF42A1E3514002877B2 /* Preview Content */ = {
			isa = PBXGroup;
			children = (
				324ACBF52A1E3514002877B2 /* Preview Assets.xcassets */,
			);
			path = "Preview Content";
			sourceTree = "<group>";
		};
		324ACC082A1E36AA002877B2 /* App */ = {
			isa = PBXGroup;
			children = (
				324ACBEE2A1E3514002877B2 /* RestaurantRoamerApp.swift */,
				324ACC0F2A1E36F3002877B2 /* ContentView.swift */,
			);
			path = App;
			sourceTree = "<group>";
		};
		324ACC092A1E36B0002877B2 /* Core */ = {
			isa = PBXGroup;
			children = (
				324ACC1E2A1E546F002877B2 /* Component */,
				324ACC2F2A1E6425002877B2 /* Home */,
				324ACC312A1E64CA002877B2 /* Review */,
				324ACC302A1E6439002877B2 /* LocationSearch */,
			);
			path = Core;
			sourceTree = "<group>";
		};
		324ACC0A2A1E36B9002877B2 /* Models */ = {
			isa = PBXGroup;
			children = (
				324ACC3A2A1F1ED8002877B2 /* RestaurantRoamer.xcdatamodeld */,
				324ACC3F2A1F25AE002877B2 /* CoreDataViewModels.swift */,
				324ACC3D2A1F22C7002877B2 /* Persistence.swift */,
			);
			path = Models;
			sourceTree = "<group>";
		};
		324ACC0B2A1E36BB002877B2 /* Managers */ = {
			isa = PBXGroup;
			children = (
				324ACC172A1E39D5002877B2 /* LocationManager.swift */,
			);
			path = Managers;
			sourceTree = "<group>";
		};
		324ACC0C2A1E36BF002877B2 /* Extensions */ = {
			isa = PBXGroup;
			children = (
				324ACC242A1E54D3002877B2 /* ColorExtension.swift */,
				324ACC262A1E54F6002877B2 /* Constants.swift */,
			);
			path = Extensions;
			sourceTree = "<group>";
		};
		324ACC1E2A1E546F002877B2 /* Component */ = {
			isa = PBXGroup;
			children = (
				324ACC2A2A1E5670002877B2 /* BucketListCard */,
				324ACC212A1E549B002877B2 /* CustomTabs */,
			);
			path = Component;
			sourceTree = "<group>";
		};
		324ACC212A1E549B002877B2 /* CustomTabs */ = {
			isa = PBXGroup;
			children = (
				324ACC222A1E54AC002877B2 /* CustomTabsComponent.swift */,
			);
			path = CustomTabs;
			sourceTree = "<group>";
		};
		324ACC2A2A1E5670002877B2 /* BucketListCard */ = {
			isa = PBXGroup;
			children = (
				324ACC2B2A1E5688002877B2 /* BucketListCardComponent.swift */,
				324ACC2D2A1E636A002877B2 /* ReviewListCardComponent.swift */,
			);
			path = BucketListCard;
			sourceTree = "<group>";
		};
		324ACC2F2A1E6425002877B2 /* Home */ = {
			isa = PBXGroup;
			children = (
				324ACC282A1E5563002877B2 /* HomeView.swift */,
				324ACC152A1E3990002877B2 /* RestaurantRoamerViewRepresentable.swift */,
			);
			path = Home;
			sourceTree = "<group>";
		};
		324ACC302A1E6439002877B2 /* LocationSearch */ = {
			isa = PBXGroup;
			children = (
				324ACC412A1F54F1002877B2 /* SearchButtonView.swift */,
				324ACC442A1F6954002877B2 /* RecenterButtonView.swift */,
			);
			path = LocationSearch;
			sourceTree = "<group>";
		};
		324ACC312A1E64CA002877B2 /* Review */ = {
			isa = PBXGroup;
			children = (
				324ACC1C2A1E5461002877B2 /* ReviewView.swift */,
			);
			path = Review;
			sourceTree = "<group>";
		};
/* End PBXGroup section */

/* Begin PBXNativeTarget section */
		324ACBEA2A1E3514002877B2 /* RestaurantRoamer */ = {
			isa = PBXNativeTarget;
			buildConfigurationList = 324ACBF92A1E3514002877B2 /* Build configuration list for PBXNativeTarget "RestaurantRoamer" */;
			buildPhases = (
				324ACBE72A1E3514002877B2 /* Sources */,
				324ACBE82A1E3514002877B2 /* Frameworks */,
				324ACBE92A1E3514002877B2 /* Resources */,
			);
			buildRules = (
			);
			dependencies = (
			);
			name = RestaurantRoamer;
			productName = RestaurantRoamer;
			productReference = 324ACBEB2A1E3514002877B2 /* RestaurantRoamer.app */;
			productType = "com.apple.product-type.application";
		};
/* End PBXNativeTarget section */

/* Begin PBXProject section */
		324ACBE32A1E3514002877B2 /* Project object */ = {
			isa = PBXProject;
			attributes = {
				BuildIndependentTargetsInParallel = 1;
				LastSwiftUpdateCheck = 1430;
				LastUpgradeCheck = 1430;
				TargetAttributes = {
					324ACBEA2A1E3514002877B2 = {
						CreatedOnToolsVersion = 14.3;
					};
				};
			};
			buildConfigurationList = 324ACBE62A1E3514002877B2 /* Build configuration list for PBXProject "RestaurantRoamer" */;
			compatibilityVersion = "Xcode 14.0";
			developmentRegion = en;
			hasScannedForEncodings = 0;
			knownRegions = (
				en,
				Base,
			);
			mainGroup = 324ACBE22A1E3514002877B2;
			productRefGroup = 324ACBEC2A1E3514002877B2 /* Products */;
			projectDirPath = "";
			projectRoot = "";
			targets = (
				324ACBEA2A1E3514002877B2 /* RestaurantRoamer */,
			);
		};
/* End PBXProject section */

/* Begin PBXResourcesBuildPhase section */
		324ACBE92A1E3514002877B2 /* Resources */ = {
			isa = PBXResourcesBuildPhase;
			buildActionMask = 2147483647;
			files = (
				324ACBF62A1E3514002877B2 /* Preview Assets.xcassets in Resources */,
				324ACBF32A1E3514002877B2 /* Assets.xcassets in Resources */,
			);
			runOnlyForDeploymentPostprocessing = 0;
		};
/* End PBXResourcesBuildPhase section */

/* Begin PBXSourcesBuildPhase section */
		324ACBE72A1E3514002877B2 /* Sources */ = {
			isa = PBXSourcesBuildPhase;
			buildActionMask = 2147483647;
			files = (
				324ACC292A1E5563002877B2 /* HomeView.swift in Sources */,
				324ACC402A1F25AE002877B2 /* CoreDataViewModels.swift in Sources */,
				324ACC452A1F6954002877B2 /* RecenterButtonView.swift in Sources */,
				324ACC1D2A1E5461002877B2 /* ReviewView.swift in Sources */,
				324ACC3E2A1F22C7002877B2 /* Persistence.swift in Sources */,
				324ACC182A1E39D5002877B2 /* LocationManager.swift in Sources */,
				324ACC232A1E54AC002877B2 /* CustomTabsComponent.swift in Sources */,
				324ACC2E2A1E636A002877B2 /* ReviewListCardComponent.swift in Sources */,
				324ACC162A1E3990002877B2 /* RestaurantRoamerViewRepresentable.swift in Sources */,
				324ACC2C2A1E5688002877B2 /* BucketListCardComponent.swift in Sources */,
				324ACBEF2A1E3514002877B2 /* RestaurantRoamerApp.swift in Sources */,
				324ACC432A1F54F1002877B2 /* SearchButtonView.swift in Sources */,
				324ACC252A1E54D3002877B2 /* ColorExtension.swift in Sources */,
				324ACC102A1E36F3002877B2 /* ContentView.swift in Sources */,
				324ACC272A1E54F6002877B2 /* Constants.swift in Sources */,
				324ACC3C2A1F1ED8002877B2 /* RestaurantRoamer.xcdatamodeld in Sources */,
			);
			runOnlyForDeploymentPostprocessing = 0;
		};
/* End PBXSourcesBuildPhase section */

/* Begin XCBuildConfiguration section */
		324ACBF72A1E3514002877B2 /* Debug */ = {
			isa = XCBuildConfiguration;
			buildSettings = {
				ALWAYS_SEARCH_USER_PATHS = NO;
				CLANG_ANALYZER_NONNULL = YES;
				CLANG_ANALYZER_NUMBER_OBJECT_CONVERSION = YES_AGGRESSIVE;
				CLANG_CXX_LANGUAGE_STANDARD = "gnu++20";
				CLANG_ENABLE_MODULES = YES;
				CLANG_ENABLE_OBJC_ARC = YES;
				CLANG_ENABLE_OBJC_WEAK = YES;
				CLANG_WARN_BLOCK_CAPTURE_AUTORELEASING = YES;
				CLANG_WARN_BOOL_CONVERSION = YES;
				CLANG_WARN_COMMA = YES;
				CLANG_WARN_CONSTANT_CONVERSION = YES;
				CLANG_WARN_DEPRECATED_OBJC_IMPLEMENTATIONS = YES;
				CLANG_WARN_DIRECT_OBJC_ISA_USAGE = YES_ERROR;
				CLANG_WARN_DOCUMENTATION_COMMENTS = YES;
				CLANG_WARN_EMPTY_BODY = YES;
				CLANG_WARN_ENUM_CONVERSION = YES;
				CLANG_WARN_INFINITE_RECURSION = YES;
				CLANG_WARN_INT_CONVERSION = YES;
				CLANG_WARN_NON_LITERAL_NULL_CONVERSION = YES;
				CLANG_WARN_OBJC_IMPLICIT_RETAIN_SELF = YES;
				CLANG_WARN_OBJC_LITERAL_CONVERSION = YES;
				CLANG_WARN_OBJC_ROOT_CLASS = YES_ERROR;
				CLANG_WARN_QUOTED_INCLUDE_IN_FRAMEWORK_HEADER = YES;
				CLANG_WARN_RANGE_LOOP_ANALYSIS = YES;
				CLANG_WARN_STRICT_PROTOTYPES = YES;
				CLANG_WARN_SUSPICIOUS_MOVE = YES;
				CLANG_WARN_UNGUARDED_AVAILABILITY = YES_AGGRESSIVE;
				CLANG_WARN_UNREACHABLE_CODE = YES;
				CLANG_WARN__DUPLICATE_METHOD_MATCH = YES;
				COPY_PHASE_STRIP = NO;
				DEBUG_INFORMATION_FORMAT = dwarf;
				ENABLE_STRICT_OBJC_MSGSEND = YES;
				ENABLE_TESTABILITY = YES;
				GCC_C_LANGUAGE_STANDARD = gnu11;
				GCC_DYNAMIC_NO_PIC = NO;
				GCC_NO_COMMON_BLOCKS = YES;
				GCC_OPTIMIZATION_LEVEL = 0;
				GCC_PREPROCESSOR_DEFINITIONS = (
					"DEBUG=1",
					"$(inherited)",
				);
				GCC_WARN_64_TO_32_BIT_CONVERSION = YES;
				GCC_WARN_ABOUT_RETURN_TYPE = YES_ERROR;
				GCC_WARN_UNDECLARED_SELECTOR = YES;
				GCC_WARN_UNINITIALIZED_AUTOS = YES_AGGRESSIVE;
				GCC_WARN_UNUSED_FUNCTION = YES;
				GCC_WARN_UNUSED_VARIABLE = YES;
				IPHONEOS_DEPLOYMENT_TARGET = 16.4;
				MTL_ENABLE_DEBUG_INFO = INCLUDE_SOURCE;
				MTL_FAST_MATH = YES;
				ONLY_ACTIVE_ARCH = YES;
				SDKROOT = iphoneos;
				SWIFT_ACTIVE_COMPILATION_CONDITIONS = DEBUG;
				SWIFT_OPTIMIZATION_LEVEL = "-Onone";
			};
			name = Debug;
		};
		324ACBF82A1E3514002877B2 /* Release */ = {
			isa = XCBuildConfiguration;
			buildSettings = {
				ALWAYS_SEARCH_USER_PATHS = NO;
				CLANG_ANALYZER_NONNULL = YES;
				CLANG_ANALYZER_NUMBER_OBJECT_CONVERSION = YES_AGGRESSIVE;
				CLANG_CXX_LANGUAGE_STANDARD = "gnu++20";
				CLANG_ENABLE_MODULES = YES;
				CLANG_ENABLE_OBJC_ARC = YES;
				CLANG_ENABLE_OBJC_WEAK = YES;
				CLANG_WARN_BLOCK_CAPTURE_AUTORELEASING = YES;
				CLANG_WARN_BOOL_CONVERSION = YES;
				CLANG_WARN_COMMA = YES;
				CLANG_WARN_CONSTANT_CONVERSION = YES;
				CLANG_WARN_DEPRECATED_OBJC_IMPLEMENTATIONS = YES;
				CLANG_WARN_DIRECT_OBJC_ISA_USAGE = YES_ERROR;
				CLANG_WARN_DOCUMENTATION_COMMENTS = YES;
				CLANG_WARN_EMPTY_BODY = YES;
				CLANG_WARN_ENUM_CONVERSION = YES;
				CLANG_WARN_INFINITE_RECURSION = YES;
				CLANG_WARN_INT_CONVERSION = YES;
				CLANG_WARN_NON_LITERAL_NULL_CONVERSION = YES;
				CLANG_WARN_OBJC_IMPLICIT_RETAIN_SELF = YES;
				CLANG_WARN_OBJC_LITERAL_CONVERSION = YES;
				CLANG_WARN_OBJC_ROOT_CLASS = YES_ERROR;
				CLANG_WARN_QUOTED_INCLUDE_IN_FRAMEWORK_HEADER = YES;
				CLANG_WARN_RANGE_LOOP_ANALYSIS = YES;
				CLANG_WARN_STRICT_PROTOTYPES = YES;
				CLANG_WARN_SUSPICIOUS_MOVE = YES;
				CLANG_WARN_UNGUARDED_AVAILABILITY = YES_AGGRESSIVE;
				CLANG_WARN_UNREACHABLE_CODE = YES;
				CLANG_WARN__DUPLICATE_METHOD_MATCH = YES;
				COPY_PHASE_STRIP = NO;
				DEBUG_INFORMATION_FORMAT = "dwarf-with-dsym";
				ENABLE_NS_ASSERTIONS = NO;
				ENABLE_STRICT_OBJC_MSGSEND = YES;
				GCC_C_LANGUAGE_STANDARD = gnu11;
				GCC_NO_COMMON_BLOCKS = YES;
				GCC_WARN_64_TO_32_BIT_CONVERSION = YES;
				GCC_WARN_ABOUT_RETURN_TYPE = YES_ERROR;
				GCC_WARN_UNDECLARED_SELECTOR = YES;
				GCC_WARN_UNINITIALIZED_AUTOS = YES_AGGRESSIVE;
				GCC_WARN_UNUSED_FUNCTION = YES;
				GCC_WARN_UNUSED_VARIABLE = YES;
				IPHONEOS_DEPLOYMENT_TARGET = 16.4;
				MTL_ENABLE_DEBUG_INFO = NO;
				MTL_FAST_MATH = YES;
				SDKROOT = iphoneos;
				SWIFT_COMPILATION_MODE = wholemodule;
				SWIFT_OPTIMIZATION_LEVEL = "-O";
				VALIDATE_PRODUCT = YES;
			};
			name = Release;
		};
		324ACBFA2A1E3514002877B2 /* Debug */ = {
			isa = XCBuildConfiguration;
			buildSettings = {
				ASSETCATALOG_COMPILER_APPICON_NAME = AppIcon;
				ASSETCATALOG_COMPILER_GLOBAL_ACCENT_COLOR_NAME = AccentColor;
				CODE_SIGN_STYLE = Automatic;
				CURRENT_PROJECT_VERSION = 1;
				DEVELOPMENT_ASSET_PATHS = "\"RestaurantRoamer/Preview Content\"";
				DEVELOPMENT_TEAM = WMK9L7H7UT;
				ENABLE_PREVIEWS = YES;
				GENERATE_INFOPLIST_FILE = YES;
				INFOPLIST_FILE = RestaurantRoamer/Info.plist;
				INFOPLIST_KEY_CFBundleDisplayName = "Restaurant Roamer";
				INFOPLIST_KEY_NSLocationWhenInUseUsageDescription = "Please allow us to access your location to find you nearby restaurants";
				INFOPLIST_KEY_UIApplicationSceneManifest_Generation = YES;
				INFOPLIST_KEY_UIApplicationSupportsIndirectInputEvents = YES;
				INFOPLIST_KEY_UILaunchScreen_Generation = YES;
				INFOPLIST_KEY_UISupportedInterfaceOrientations_iPad = "UIInterfaceOrientationPortrait UIInterfaceOrientationPortraitUpsideDown UIInterfaceOrientationLandscapeLeft UIInterfaceOrientationLandscapeRight";
				INFOPLIST_KEY_UISupportedInterfaceOrientations_iPhone = "UIInterfaceOrientationPortrait UIInterfaceOrientationLandscapeLeft UIInterfaceOrientationLandscapeRight";
				LD_RUNPATH_SEARCH_PATHS = (
					"$(inherited)",
					"@executable_path/Frameworks",
				);
				MARKETING_VERSION = 1.0;
				PRODUCT_BUNDLE_IDENTIFIER = AtlanticNova.RestaurantRoamer;
				PRODUCT_NAME = "$(TARGET_NAME)";
				SWIFT_EMIT_LOC_STRINGS = YES;
				SWIFT_VERSION = 5.0;
				TARGETED_DEVICE_FAMILY = "1,2";
			};
			name = Debug;
		};
		324ACBFB2A1E3514002877B2 /* Release */ = {
			isa = XCBuildConfiguration;
			buildSettings = {
				ASSETCATALOG_COMPILER_APPICON_NAME = AppIcon;
				ASSETCATALOG_COMPILER_GLOBAL_ACCENT_COLOR_NAME = AccentColor;
				CODE_SIGN_STYLE = Automatic;
				CURRENT_PROJECT_VERSION = 1;
				DEVELOPMENT_ASSET_PATHS = "\"RestaurantRoamer/Preview Content\"";
				DEVELOPMENT_TEAM = WMK9L7H7UT;
				ENABLE_PREVIEWS = YES;
				GENERATE_INFOPLIST_FILE = YES;
				INFOPLIST_FILE = RestaurantRoamer/Info.plist;
				INFOPLIST_KEY_CFBundleDisplayName = "Restaurant Roamer";
				INFOPLIST_KEY_NSLocationWhenInUseUsageDescription = "Please allow us to access your location to find you nearby restaurants";
				INFOPLIST_KEY_UIApplicationSceneManifest_Generation = YES;
				INFOPLIST_KEY_UIApplicationSupportsIndirectInputEvents = YES;
				INFOPLIST_KEY_UILaunchScreen_Generation = YES;
				INFOPLIST_KEY_UISupportedInterfaceOrientations_iPad = "UIInterfaceOrientationPortrait UIInterfaceOrientationPortraitUpsideDown UIInterfaceOrientationLandscapeLeft UIInterfaceOrientationLandscapeRight";
				INFOPLIST_KEY_UISupportedInterfaceOrientations_iPhone = "UIInterfaceOrientationPortrait UIInterfaceOrientationLandscapeLeft UIInterfaceOrientationLandscapeRight";
				LD_RUNPATH_SEARCH_PATHS = (
					"$(inherited)",
					"@executable_path/Frameworks",
				);
				MARKETING_VERSION = 1.0;
				PRODUCT_BUNDLE_IDENTIFIER = AtlanticNova.RestaurantRoamer;
				PRODUCT_NAME = "$(TARGET_NAME)";
				SWIFT_EMIT_LOC_STRINGS = YES;
				SWIFT_VERSION = 5.0;
				TARGETED_DEVICE_FAMILY = "1,2";
			};
			name = Release;
		};
/* End XCBuildConfiguration section */

/* Begin XCConfigurationList section */
		324ACBE62A1E3514002877B2 /* Build configuration list for PBXProject "RestaurantRoamer" */ = {
			isa = XCConfigurationList;
			buildConfigurations = (
				324ACBF72A1E3514002877B2 /* Debug */,
				324ACBF82A1E3514002877B2 /* Release */,
			);
			defaultConfigurationIsVisible = 0;
			defaultConfigurationName = Release;
		};
		324ACBF92A1E3514002877B2 /* Build configuration list for PBXNativeTarget "RestaurantRoamer" */ = {
			isa = XCConfigurationList;
			buildConfigurations = (
				324ACBFA2A1E3514002877B2 /* Debug */,
				324ACBFB2A1E3514002877B2 /* Release */,
			);
			defaultConfigurationIsVisible = 0;
			defaultConfigurationName = Release;
		};
/* End XCConfigurationList section */

/* Begin XCVersionGroup section */
		324ACC3A2A1F1ED8002877B2 /* RestaurantRoamer.xcdatamodeld */ = {
			isa = XCVersionGroup;
			children = (
				324ACC3B2A1F1ED8002877B2 /* ReviewListModels.xcdatamodel */,
			);
			currentVersion = 324ACC3B2A1F1ED8002877B2 /* ReviewListModels.xcdatamodel */;
			path = RestaurantRoamer.xcdatamodeld;
			sourceTree = "<group>";
			versionGroupType = wrapper.xcdatamodel;
		};
/* End XCVersionGroup section */
	};
	rootObject = 324ACBE32A1E3514002877B2 /* Project object */;
}
